
Microsoft Visual Studio Solution File, Format Version 12.00
# Visual Studio Version 17
VisualStudioVersion = 17.14.36518.9 d17.14
MinimumVisualStudioVersion = 10.0.40219.1
Project("{2150E333-8FDC-42A3-9474-1A3956D46DE8}") = "MCP", "MCP", "{02EA681E-C7D8-13C7-8484-4AC65E1B71E8}"
EndProject
Project("{FAE04EC0-301F-11D3-BF4B-00C04F79EFBC}") = "DrawIOMcpServer", "DrawIOMcpServer\DrawIOMcpServer.csproj", "{3737BD29-E23D-44DB-845B-30DBAB711EFA}"
EndProject
Project("{2150E333-8FDC-42A3-9474-1A3956D46DE8}") = "Shared", "Shared", "{AA6306B9-3090-47A9-97BC-3A2F56F5EA4B}"
EndProject
Project("{FAE04EC0-301F-11D3-BF4B-00C04F79EFBC}") = "Common", "Common\Common.csproj", "{C8A244C4-A370-4A34-81A0-60CC603E7E6B}"
EndProject
Global
	GlobalSection(SolutionConfigurationPlatforms) = preSolution
		Debug|Any CPU = Debug|Any CPU
		Release|Any CPU = Release|Any CPU
	EndGlobalSection
	GlobalSection(ProjectConfigurationPlatforms) = postSolution
		{3737BD29-E23D-44DB-845B-30DBAB711EFA}.Debug|Any CPU.ActiveCfg = Debug|Any CPU
		{3737BD29-E23D-44DB-845B-30DBAB711EFA}.Debug|Any CPU.Build.0 = Debug|Any CPU
		{3737BD29-E23D-44DB-845B-30DBAB711EFA}.Release|Any CPU.ActiveCfg = Release|Any CPU
		{3737BD29-E23D-44DB-845B-30DBAB711EFA}.Release|Any CPU.Build.0 = Release|Any CPU
		{C8A244C4-A370-4A34-81A0-60CC603E7E6B}.Debug|Any CPU.ActiveCfg = Debug|Any CPU
		{C8A244C4-A370-4A34-81A0-60CC603E7E6B}.Debug|Any CPU.Build.0 = Debug|Any CPU
		{C8A244C4-A370-4A34-81A0-60CC603E7E6B}.Release|Any CPU.ActiveCfg = Release|Any CPU
		{C8A244C4-A370-4A34-81A0-60CC603E7E6B}.Release|Any CPU.Build.0 = Release|Any CPU
	EndGlobalSection
	GlobalSection(SolutionProperties) = preSolution
		HideSolutionNode = FALSE
	EndGlobalSection
	GlobalSection(NestedProjects) = preSolution
		{3737BD29-E23D-44DB-845B-30DBAB711EFA} = {02EA681E-C7D8-13C7-8484-4AC65E1B71E8}
		{C8A244C4-A370-4A34-81A0-60CC603E7E6B} = {AA6306B9-3090-47A9-97BC-3A2F56F5EA4B}
	EndGlobalSection
	GlobalSection(ExtensibilityGlobals) = postSolution
		SolutionGuid = {02835668-A0AD-4323-B763-BAF1C30763C9}
	EndGlobalSection
EndGlobal
